
Microsoft Visual Studio Solution File, Format Version 12.00
# Visual Studio Version 16
VisualStudioVersion = 16.0.30413.136
MinimumVisualStudioVersion = 10.0.40219.1
Project("{FAE04EC0-301F-11D3-BF4B-00C04F79EFBC}") = "Animal_Racing_2", "Animal_Racing_2\Animal_Racing_2.csproj", "{88C12586-56BD-4B00-B166-D09C4F7C81BA}"
EndProject
Global
	GlobalSection(SolutionConfigurationPlatforms) = preSolution
		Debug|Any CPU = Debug|Any CPU
		Release|Any CPU = Release|Any CPU
	EndGlobalSection
	GlobalSection(ProjectConfigurationPlatforms) = postSolution
		{88C12586-56BD-4B00-B166-D09C4F7C81BA}.Debug|Any CPU.ActiveCfg = Debug|Any CPU
		{88C12586-56BD-4B00-B166-D09C4F7C81BA}.Debug|Any CPU.Build.0 = Debug|Any CPU
		{88C12586-56BD-4B00-B166-D09C4F7C81BA}.Release|Any CPU.ActiveCfg = Release|Any CPU
		{88C12586-56BD-4B00-B166-D09C4F7C81BA}.Release|Any CPU.Build.0 = Release|Any CPU
	EndGlobalSection
	GlobalSection(SolutionProperties) = preSolution
		HideSolutionNode = FALSE
	EndGlobalSection
	GlobalSection(ExtensibilityGlobals) = postSolution
		SolutionGuid = {F499103A-D29A-4440-9FAB-12B028B49D03}
	EndGlobalSection
EndGlobal
